// !$*UTF8*$!
{
	archiveVersion = 1;
	classes = {
	};
	objectVersion = 56;
	objects = {

/* Begin PBXBuildFile section */
		04073E1B2B1707DA00BDE21B /* FirebaseAnalytics in Frameworks */ = {isa = PBXBuildFile; productRef = 04073E1A2B1707DA00BDE21B /* FirebaseAnalytics */; };
		04073E1D2B1707DA00BDE21B /* FirebaseAnalyticsOnDeviceConversion in Frameworks */ = {isa = PBXBuildFile; productRef = 04073E1C2B1707DA00BDE21B /* FirebaseAnalyticsOnDeviceConversion */; };
		04073E1F2B1707DA00BDE21B /* FirebaseAnalyticsSwift in Frameworks */ = {isa = PBXBuildFile; productRef = 04073E1E2B1707DA00BDE21B /* FirebaseAnalyticsSwift */; };
		04073E212B1707DA00BDE21B /* FirebaseAnalyticsWithoutAdIdSupport in Frameworks */ = {isa = PBXBuildFile; productRef = 04073E202B1707DA00BDE21B /* FirebaseAnalyticsWithoutAdIdSupport */; };
		04073E232B1707DA00BDE21B /* FirebaseAppCheck in Frameworks */ = {isa = PBXBuildFile; productRef = 04073E222B1707DA00BDE21B /* FirebaseAppCheck */; };
		04073E252B1707DA00BDE21B /* FirebaseAppDistribution-Beta in Frameworks */ = {isa = PBXBuildFile; productRef = 04073E242B1707DA00BDE21B /* FirebaseAppDistribution-Beta */; };
		04073E272B1707DA00BDE21B /* FirebaseAuth in Frameworks */ = {isa = PBXBuildFile; productRef = 04073E262B1707DA00BDE21B /* FirebaseAuth */; };
		04073E292B1707DA00BDE21B /* FirebaseAuthCombine-Community in Frameworks */ = {isa = PBXBuildFile; productRef = 04073E282B1707DA00BDE21B /* FirebaseAuthCombine-Community */; };
		04073E2B2B1707DA00BDE21B /* FirebaseCrashlytics in Frameworks */ = {isa = PBXBuildFile; productRef = 04073E2A2B1707DA00BDE21B /* FirebaseCrashlytics */; };
		04073E2D2B1707DA00BDE21B /* FirebaseDatabase in Frameworks */ = {isa = PBXBuildFile; productRef = 04073E2C2B1707DA00BDE21B /* FirebaseDatabase */; };
		04073E2F2B1707DA00BDE21B /* FirebaseDatabaseSwift in Frameworks */ = {isa = PBXBuildFile; productRef = 04073E2E2B1707DA00BDE21B /* FirebaseDatabaseSwift */; };
		04073E312B1707DA00BDE21B /* FirebaseDynamicLinks in Frameworks */ = {isa = PBXBuildFile; productRef = 04073E302B1707DA00BDE21B /* FirebaseDynamicLinks */; };
		04073E332B1707DA00BDE21B /* FirebaseFirestore in Frameworks */ = {isa = PBXBuildFile; productRef = 04073E322B1707DA00BDE21B /* FirebaseFirestore */; };
		04073E352B1707DA00BDE21B /* FirebaseFirestoreCombine-Community in Frameworks */ = {isa = PBXBuildFile; productRef = 04073E342B1707DA00BDE21B /* FirebaseFirestoreCombine-Community */; };
		04073E372B1707DA00BDE21B /* FirebaseFirestoreSwift in Frameworks */ = {isa = PBXBuildFile; productRef = 04073E362B1707DA00BDE21B /* FirebaseFirestoreSwift */; };
		04073E392B1707DA00BDE21B /* FirebaseFunctions in Frameworks */ = {isa = PBXBuildFile; productRef = 04073E382B1707DA00BDE21B /* FirebaseFunctions */; };
		04073E3B2B1707DA00BDE21B /* FirebaseFunctionsCombine-Community in Frameworks */ = {isa = PBXBuildFile; productRef = 04073E3A2B1707DA00BDE21B /* FirebaseFunctionsCombine-Community */; };
		04073E3D2B1707DA00BDE21B /* FirebaseInAppMessaging-Beta in Frameworks */ = {isa = PBXBuildFile; productRef = 04073E3C2B1707DA00BDE21B /* FirebaseInAppMessaging-Beta */; };
		04073E3F2B1707DA00BDE21B /* FirebaseInAppMessagingSwift-Beta in Frameworks */ = {isa = PBXBuildFile; productRef = 04073E3E2B1707DA00BDE21B /* FirebaseInAppMessagingSwift-Beta */; };
		04073E412B1707DA00BDE21B /* FirebaseInstallations in Frameworks */ = {isa = PBXBuildFile; productRef = 04073E402B1707DA00BDE21B /* FirebaseInstallations */; };
		04073E432B1707DA00BDE21B /* FirebaseMLModelDownloader in Frameworks */ = {isa = PBXBuildFile; productRef = 04073E422B1707DA00BDE21B /* FirebaseMLModelDownloader */; };
		04073E452B1707DA00BDE21B /* FirebaseMessaging in Frameworks */ = {isa = PBXBuildFile; productRef = 04073E442B1707DA00BDE21B /* FirebaseMessaging */; };
		04073E472B1707DA00BDE21B /* FirebasePerformance in Frameworks */ = {isa = PBXBuildFile; productRef = 04073E462B1707DA00BDE21B /* FirebasePerformance */; };
		04073E492B1707DA00BDE21B /* FirebaseRemoteConfig in Frameworks */ = {isa = PBXBuildFile; productRef = 04073E482B1707DA00BDE21B /* FirebaseRemoteConfig */; };
		04073E4B2B1707DA00BDE21B /* FirebaseRemoteConfigSwift in Frameworks */ = {isa = PBXBuildFile; productRef = 04073E4A2B1707DA00BDE21B /* FirebaseRemoteConfigSwift */; };
		04073E4D2B1707DA00BDE21B /* FirebaseStorage in Frameworks */ = {isa = PBXBuildFile; productRef = 04073E4C2B1707DA00BDE21B /* FirebaseStorage */; };
		04073E4F2B1707DA00BDE21B /* FirebaseStorageCombine-Community in Frameworks */ = {isa = PBXBuildFile; productRef = 04073E4E2B1707DA00BDE21B /* FirebaseStorageCombine-Community */; };
		04073E512B17092800BDE21B /* AppDelegate.swift in Sources */ = {isa = PBXBuildFile; fileRef = 04073E502B17092800BDE21B /* AppDelegate.swift */; };
		04073E532B170B1800BDE21B /* GoogleService-Info.plist in Resources */ = {isa = PBXBuildFile; fileRef = 04073E522B170B1800BDE21B /* GoogleService-Info.plist */; };
		0411528E2B179ACE00D93FFC /* GoogleSignIn in Frameworks */ = {isa = PBXBuildFile; productRef = 0411528D2B179ACE00D93FFC /* GoogleSignIn */; };
		041152902B179ACE00D93FFC /* GoogleSignInSwift in Frameworks */ = {isa = PBXBuildFile; productRef = 0411528F2B179ACE00D93FFC /* GoogleSignInSwift */; };
		041152942B179F1100D93FFC /* LoginGmailUseCase.swift in Sources */ = {isa = PBXBuildFile; fileRef = 041152932B179F1100D93FFC /* LoginGmailUseCase.swift */; };
		041152962B17A16A00D93FFC /* Typealias.swift in Sources */ = {isa = PBXBuildFile; fileRef = 041152952B17A16A00D93FFC /* Typealias.swift */; };
		0418DCE02B159F8000AF975A /* FlowStacks in Frameworks */ = {isa = PBXBuildFile; productRef = 0418DCDF2B159F8000AF975A /* FlowStacks */; };
		0418DCE32B159FBA00AF975A /* Screen.swift in Sources */ = {isa = PBXBuildFile; fileRef = 0418DCE22B159FBA00AF975A /* Screen.swift */; };
		0418DCE52B15A23700AF975A /* AppCoordinator.swift in Sources */ = {isa = PBXBuildFile; fileRef = 0418DCE42B15A23700AF975A /* AppCoordinator.swift */; };
		0418DCE72B15A25500AF975A /* AppCoordinatorViewModel.swift in Sources */ = {isa = PBXBuildFile; fileRef = 0418DCE62B15A25500AF975A /* AppCoordinatorViewModel.swift */; };
		041D19CE2B55072000FB8978 /* CurrencyPickerView.swift in Sources */ = {isa = PBXBuildFile; fileRef = 041D19CD2B55072000FB8978 /* CurrencyPickerView.swift */; };
		042350102B0362B2005C6D0C /* Constants.swift in Sources */ = {isa = PBXBuildFile; fileRef = 0423500F2B0362B2005C6D0C /* Constants.swift */; };
		042350132B036385005C6D0C /* UserDefaults+Extension.swift in Sources */ = {isa = PBXBuildFile; fileRef = 042350122B036385005C6D0C /* UserDefaults+Extension.swift */; };
		042350152B0363F9005C6D0C /* UserDefaultsManager.swift in Sources */ = {isa = PBXBuildFile; fileRef = 042350142B0363F9005C6D0C /* UserDefaultsManager.swift */; };
		042470F92B08BA8100A4E2C2 /* CurrentLocationView.swift in Sources */ = {isa = PBXBuildFile; fileRef = 042470F82B08BA8100A4E2C2 /* CurrentLocationView.swift */; };
		0439F5C32B55A8B300AF3B1B /* ExpenseHistoryViewModel.swift in Sources */ = {isa = PBXBuildFile; fileRef = 0439F5C22B55A8B300AF3B1B /* ExpenseHistoryViewModel.swift */; };
		0439F5C52B55A8E600AF3B1B /* ExpenseHistoryItemView.swift in Sources */ = {isa = PBXBuildFile; fileRef = 0439F5C42B55A8E600AF3B1B /* ExpenseHistoryItemView.swift */; };
		0439F5C82B563B7B00AF3B1B /* ExpenseHistoryItemUIModel.swift in Sources */ = {isa = PBXBuildFile; fileRef = 0439F5C72B563B7B00AF3B1B /* ExpenseHistoryItemUIModel.swift */; };
		0439F5CA2B564E1A00AF3B1B /* String+Extension.swift in Sources */ = {isa = PBXBuildFile; fileRef = 0439F5C92B564E1A00AF3B1B /* String+Extension.swift */; };
		045294702B30A33D00BB2513 /* TabScreen.swift in Sources */ = {isa = PBXBuildFile; fileRef = 0452946F2B30A33D00BB2513 /* TabScreen.swift */; };
		045294722B30A39600BB2513 /* ProfileScreen.swift in Sources */ = {isa = PBXBuildFile; fileRef = 045294712B30A39600BB2513 /* ProfileScreen.swift */; };
		045294782B30A46400BB2513 /* AddExpenseScreen.swift in Sources */ = {isa = PBXBuildFile; fileRef = 045294772B30A46400BB2513 /* AddExpenseScreen.swift */; };
		0452947A2B30A49900BB2513 /* ExpenseHistoryScreen.swift in Sources */ = {isa = PBXBuildFile; fileRef = 045294792B30A49900BB2513 /* ExpenseHistoryScreen.swift */; };
		0452947D2B30A4F400BB2513 /* ExpenseAnalysisScreen.swift in Sources */ = {isa = PBXBuildFile; fileRef = 0452947C2B30A4F400BB2513 /* ExpenseAnalysisScreen.swift */; };
		045294812B30ADF800BB2513 /* User.swift in Sources */ = {isa = PBXBuildFile; fileRef = 045294802B30ADF800BB2513 /* User.swift */; };
		045294832B30BA3A00BB2513 /* ProfileScreenViewModel.swift in Sources */ = {isa = PBXBuildFile; fileRef = 045294822B30BA3A00BB2513 /* ProfileScreenViewModel.swift */; };
		0463BECE2B50FB4000302121 /* View+Extension.swift in Sources */ = {isa = PBXBuildFile; fileRef = 0463BECD2B50FB4000302121 /* View+Extension.swift */; };
		04742F1C2B02557500850F24 /* ExpenseTrackerApp.swift in Sources */ = {isa = PBXBuildFile; fileRef = 04742F1B2B02557500850F24 /* ExpenseTrackerApp.swift */; };
		04742F1E2B02557500850F24 /* CurrentLocationScreen.swift in Sources */ = {isa = PBXBuildFile; fileRef = 04742F1D2B02557500850F24 /* CurrentLocationScreen.swift */; };
		04742F202B02557700850F24 /* Assets.xcassets in Resources */ = {isa = PBXBuildFile; fileRef = 04742F1F2B02557700850F24 /* Assets.xcassets */; };
		04742F232B02557700850F24 /* Preview Assets.xcassets in Resources */ = {isa = PBXBuildFile; fileRef = 04742F222B02557700850F24 /* Preview Assets.xcassets */; };
		04742F2B2B025B5A00850F24 /* CurrentLocationViewModel.swift in Sources */ = {isa = PBXBuildFile; fileRef = 04742F2A2B025B5A00850F24 /* CurrentLocationViewModel.swift */; };
		04B1BFEA2B4EA28A00ABA765 /* ExpenseInputView.swift in Sources */ = {isa = PBXBuildFile; fileRef = 04B1BFE92B4EA28A00ABA765 /* ExpenseInputView.swift */; };
		04B1BFEC2B4EA6EF00ABA765 /* ExpenseInputViewModel.swift in Sources */ = {isa = PBXBuildFile; fileRef = 04B1BFEB2B4EA6EF00ABA765 /* ExpenseInputViewModel.swift */; };
		04B1BFEE2B4EB6DE00ABA765 /* PlaceAddress.swift in Sources */ = {isa = PBXBuildFile; fileRef = 04B1BFED2B4EB6DE00ABA765 /* PlaceAddress.swift */; };
		04B1BFF02B4F127700ABA765 /* Double+Extension.swift in Sources */ = {isa = PBXBuildFile; fileRef = 04B1BFEF2B4F127700ABA765 /* Double+Extension.swift */; };
		04B1BFF22B4F154800ABA765 /* ExpenseEditView.swift in Sources */ = {isa = PBXBuildFile; fileRef = 04B1BFF12B4F154800ABA765 /* ExpenseEditView.swift */; };
		04C410E42B3C63270084BF81 /* FirebaseRealtimeDBUseCase.swift in Sources */ = {isa = PBXBuildFile; fileRef = 04C410E32B3C63270084BF81 /* FirebaseRealtimeDBUseCase.swift */; };
		04C410E62B3C87B30084BF81 /* ExpenseList.swift in Sources */ = {isa = PBXBuildFile; fileRef = 04C410E52B3C87B30084BF81 /* ExpenseList.swift */; };
		04C410E82B3C8A0D0084BF81 /* DateFormatter+Extenson.swift in Sources */ = {isa = PBXBuildFile; fileRef = 04C410E72B3C8A0D0084BF81 /* DateFormatter+Extenson.swift */; };
		04C410EA2B3C8A690084BF81 /* Date+Extension.swift in Sources */ = {isa = PBXBuildFile; fileRef = 04C410E92B3C8A690084BF81 /* Date+Extension.swift */; };
		04C410EC2B3C8D000084BF81 /* AddExpenseViewModel.swift in Sources */ = {isa = PBXBuildFile; fileRef = 04C410EB2B3C8D000084BF81 /* AddExpenseViewModel.swift */; };
		04CBF1432B15197B00DF5B06 /* HomeScreen.swift in Sources */ = {isa = PBXBuildFile; fileRef = 04CBF1422B15197B00DF5B06 /* HomeScreen.swift */; };
		04CBF1452B15199200DF5B06 /* HomeViewModel.swift in Sources */ = {isa = PBXBuildFile; fileRef = 04CBF1442B15199200DF5B06 /* HomeViewModel.swift */; };
		04CBF1482B15216800DF5B06 /* TextButtonStyle.swift in Sources */ = {isa = PBXBuildFile; fileRef = 04CBF1472B15216800DF5B06 /* TextButtonStyle.swift */; };
		04CBF14A2B15230700DF5B06 /* Color+Extension.swift in Sources */ = {isa = PBXBuildFile; fileRef = 04CBF1492B15230700DF5B06 /* Color+Extension.swift */; };
		04EEC1A82B0E30F300AC445E /* LocationSearchView.swift in Sources */ = {isa = PBXBuildFile; fileRef = 04EEC1A72B0E30F300AC445E /* LocationSearchView.swift */; };
		04EEC1AB2B0E336300AC445E /* LocationSearchViewModel.swift in Sources */ = {isa = PBXBuildFile; fileRef = 04EEC1AA2B0E336300AC445E /* LocationSearchViewModel.swift */; };
		04FA489A2B2C3BCB000B7949 /* AuthState.swift in Sources */ = {isa = PBXBuildFile; fileRef = 04FA48992B2C3BCB000B7949 /* AuthState.swift */; };
		04FA489E2B2C4803000B7949 /* CommonError.swift in Sources */ = {isa = PBXBuildFile; fileRef = 04FA489D2B2C4803000B7949 /* CommonError.swift */; };
/* End PBXBuildFile section */

/* Begin PBXFileReference section */
		04073E502B17092800BDE21B /* AppDelegate.swift */ = {isa = PBXFileReference; lastKnownFileType = sourcecode.swift; path = AppDelegate.swift; sourceTree = "<group>"; };
		04073E522B170B1800BDE21B /* GoogleService-Info.plist */ = {isa = PBXFileReference; fileEncoding = 4; lastKnownFileType = text.plist.xml; path = "GoogleService-Info.plist"; sourceTree = "<group>"; };
		04073E542B170BD800BDE21B /* Info.plist */ = {isa = PBXFileReference; lastKnownFileType = text.plist; path = Info.plist; sourceTree = "<group>"; };
		041152932B179F1100D93FFC /* LoginGmailUseCase.swift */ = {isa = PBXFileReference; lastKnownFileType = sourcecode.swift; path = LoginGmailUseCase.swift; sourceTree = "<group>"; };
		041152952B17A16A00D93FFC /* Typealias.swift */ = {isa = PBXFileReference; lastKnownFileType = sourcecode.swift; path = Typealias.swift; sourceTree = "<group>"; };
		0418DCE22B159FBA00AF975A /* Screen.swift */ = {isa = PBXFileReference; lastKnownFileType = sourcecode.swift; path = Screen.swift; sourceTree = "<group>"; };
		0418DCE42B15A23700AF975A /* AppCoordinator.swift */ = {isa = PBXFileReference; lastKnownFileType = sourcecode.swift; path = AppCoordinator.swift; sourceTree = "<group>"; };
		0418DCE62B15A25500AF975A /* AppCoordinatorViewModel.swift */ = {isa = PBXFileReference; lastKnownFileType = sourcecode.swift; path = AppCoordinatorViewModel.swift; sourceTree = "<group>"; };
		041D19CD2B55072000FB8978 /* CurrencyPickerView.swift */ = {isa = PBXFileReference; lastKnownFileType = sourcecode.swift; path = CurrencyPickerView.swift; sourceTree = "<group>"; };
		0423500F2B0362B2005C6D0C /* Constants.swift */ = {isa = PBXFileReference; lastKnownFileType = sourcecode.swift; path = Constants.swift; sourceTree = "<group>"; };
		042350122B036385005C6D0C /* UserDefaults+Extension.swift */ = {isa = PBXFileReference; lastKnownFileType = sourcecode.swift; path = "UserDefaults+Extension.swift"; sourceTree = "<group>"; };
		042350142B0363F9005C6D0C /* UserDefaultsManager.swift */ = {isa = PBXFileReference; lastKnownFileType = sourcecode.swift; path = UserDefaultsManager.swift; sourceTree = "<group>"; };
		042470F82B08BA8100A4E2C2 /* CurrentLocationView.swift */ = {isa = PBXFileReference; lastKnownFileType = sourcecode.swift; path = CurrentLocationView.swift; sourceTree = "<group>"; };
		0439F5C22B55A8B300AF3B1B /* ExpenseHistoryViewModel.swift */ = {isa = PBXFileReference; lastKnownFileType = sourcecode.swift; path = ExpenseHistoryViewModel.swift; sourceTree = "<group>"; };
		0439F5C42B55A8E600AF3B1B /* ExpenseHistoryItemView.swift */ = {isa = PBXFileReference; lastKnownFileType = sourcecode.swift; path = ExpenseHistoryItemView.swift; sourceTree = "<group>"; };
		0439F5C72B563B7B00AF3B1B /* ExpenseHistoryItemUIModel.swift */ = {isa = PBXFileReference; lastKnownFileType = sourcecode.swift; path = ExpenseHistoryItemUIModel.swift; sourceTree = "<group>"; };
		0439F5C92B564E1A00AF3B1B /* String+Extension.swift */ = {isa = PBXFileReference; lastKnownFileType = sourcecode.swift; path = "String+Extension.swift"; sourceTree = "<group>"; };
		0452946F2B30A33D00BB2513 /* TabScreen.swift */ = {isa = PBXFileReference; lastKnownFileType = sourcecode.swift; path = TabScreen.swift; sourceTree = "<group>"; };
		045294712B30A39600BB2513 /* ProfileScreen.swift */ = {isa = PBXFileReference; lastKnownFileType = sourcecode.swift; path = ProfileScreen.swift; sourceTree = "<group>"; };
		045294772B30A46400BB2513 /* AddExpenseScreen.swift */ = {isa = PBXFileReference; lastKnownFileType = sourcecode.swift; path = AddExpenseScreen.swift; sourceTree = "<group>"; };
		045294792B30A49900BB2513 /* ExpenseHistoryScreen.swift */ = {isa = PBXFileReference; lastKnownFileType = sourcecode.swift; path = ExpenseHistoryScreen.swift; sourceTree = "<group>"; };
		0452947C2B30A4F400BB2513 /* ExpenseAnalysisScreen.swift */ = {isa = PBXFileReference; lastKnownFileType = sourcecode.swift; path = ExpenseAnalysisScreen.swift; sourceTree = "<group>"; };
		045294802B30ADF800BB2513 /* User.swift */ = {isa = PBXFileReference; lastKnownFileType = sourcecode.swift; path = User.swift; sourceTree = "<group>"; };
		045294822B30BA3A00BB2513 /* ProfileScreenViewModel.swift */ = {isa = PBXFileReference; lastKnownFileType = sourcecode.swift; path = ProfileScreenViewModel.swift; sourceTree = "<group>"; };
		0463BECD2B50FB4000302121 /* View+Extension.swift */ = {isa = PBXFileReference; lastKnownFileType = sourcecode.swift; path = "View+Extension.swift"; sourceTree = "<group>"; };
		04742F182B02557500850F24 /* ExpenseTracker.app */ = {isa = PBXFileReference; explicitFileType = wrapper.application; includeInIndex = 0; path = ExpenseTracker.app; sourceTree = BUILT_PRODUCTS_DIR; };
		04742F1B2B02557500850F24 /* ExpenseTrackerApp.swift */ = {isa = PBXFileReference; lastKnownFileType = sourcecode.swift; path = ExpenseTrackerApp.swift; sourceTree = "<group>"; };
		04742F1D2B02557500850F24 /* CurrentLocationScreen.swift */ = {isa = PBXFileReference; lastKnownFileType = sourcecode.swift; path = CurrentLocationScreen.swift; sourceTree = "<group>"; };
		04742F1F2B02557700850F24 /* Assets.xcassets */ = {isa = PBXFileReference; lastKnownFileType = folder.assetcatalog; path = Assets.xcassets; sourceTree = "<group>"; };
		04742F222B02557700850F24 /* Preview Assets.xcassets */ = {isa = PBXFileReference; lastKnownFileType = folder.assetcatalog; path = "Preview Assets.xcassets"; sourceTree = "<group>"; };
		04742F2A2B025B5A00850F24 /* CurrentLocationViewModel.swift */ = {isa = PBXFileReference; lastKnownFileType = sourcecode.swift; path = CurrentLocationViewModel.swift; sourceTree = "<group>"; };
		04B1BFE92B4EA28A00ABA765 /* ExpenseInputView.swift */ = {isa = PBXFileReference; lastKnownFileType = sourcecode.swift; path = ExpenseInputView.swift; sourceTree = "<group>"; };
		04B1BFEB2B4EA6EF00ABA765 /* ExpenseInputViewModel.swift */ = {isa = PBXFileReference; lastKnownFileType = sourcecode.swift; path = ExpenseInputViewModel.swift; sourceTree = "<group>"; };
		04B1BFED2B4EB6DE00ABA765 /* PlaceAddress.swift */ = {isa = PBXFileReference; lastKnownFileType = sourcecode.swift; path = PlaceAddress.swift; sourceTree = "<group>"; };
		04B1BFEF2B4F127700ABA765 /* Double+Extension.swift */ = {isa = PBXFileReference; lastKnownFileType = sourcecode.swift; path = "Double+Extension.swift"; sourceTree = "<group>"; };
		04B1BFF12B4F154800ABA765 /* ExpenseEditView.swift */ = {isa = PBXFileReference; lastKnownFileType = sourcecode.swift; path = ExpenseEditView.swift; sourceTree = "<group>"; };
		04C410E32B3C63270084BF81 /* FirebaseRealtimeDBUseCase.swift */ = {isa = PBXFileReference; lastKnownFileType = sourcecode.swift; path = FirebaseRealtimeDBUseCase.swift; sourceTree = "<group>"; };
		04C410E52B3C87B30084BF81 /* ExpenseList.swift */ = {isa = PBXFileReference; lastKnownFileType = sourcecode.swift; path = ExpenseList.swift; sourceTree = "<group>"; };
		04C410E72B3C8A0D0084BF81 /* DateFormatter+Extenson.swift */ = {isa = PBXFileReference; lastKnownFileType = sourcecode.swift; path = "DateFormatter+Extenson.swift"; sourceTree = "<group>"; };
		04C410E92B3C8A690084BF81 /* Date+Extension.swift */ = {isa = PBXFileReference; lastKnownFileType = sourcecode.swift; path = "Date+Extension.swift"; sourceTree = "<group>"; };
		04C410EB2B3C8D000084BF81 /* AddExpenseViewModel.swift */ = {isa = PBXFileReference; lastKnownFileType = sourcecode.swift; path = AddExpenseViewModel.swift; sourceTree = "<group>"; };
		04CBF1422B15197B00DF5B06 /* HomeScreen.swift */ = {isa = PBXFileReference; lastKnownFileType = sourcecode.swift; path = HomeScreen.swift; sourceTree = "<group>"; };
		04CBF1442B15199200DF5B06 /* HomeViewModel.swift */ = {isa = PBXFileReference; lastKnownFileType = sourcecode.swift; path = HomeViewModel.swift; sourceTree = "<group>"; };
		04CBF1472B15216800DF5B06 /* TextButtonStyle.swift */ = {isa = PBXFileReference; lastKnownFileType = sourcecode.swift; path = TextButtonStyle.swift; sourceTree = "<group>"; };
		04CBF1492B15230700DF5B06 /* Color+Extension.swift */ = {isa = PBXFileReference; lastKnownFileType = sourcecode.swift; path = "Color+Extension.swift"; sourceTree = "<group>"; };
		04EEC1A72B0E30F300AC445E /* LocationSearchView.swift */ = {isa = PBXFileReference; lastKnownFileType = sourcecode.swift; path = LocationSearchView.swift; sourceTree = "<group>"; };
		04EEC1AA2B0E336300AC445E /* LocationSearchViewModel.swift */ = {isa = PBXFileReference; lastKnownFileType = sourcecode.swift; path = LocationSearchViewModel.swift; sourceTree = "<group>"; };
		04FA48992B2C3BCB000B7949 /* AuthState.swift */ = {isa = PBXFileReference; lastKnownFileType = sourcecode.swift; path = AuthState.swift; sourceTree = "<group>"; };
		04FA489D2B2C4803000B7949 /* CommonError.swift */ = {isa = PBXFileReference; lastKnownFileType = sourcecode.swift; path = CommonError.swift; sourceTree = "<group>"; };
/* End PBXFileReference section */

/* Begin PBXFrameworksBuildPhase section */
		04742F152B02557500850F24 /* Frameworks */ = {
			isa = PBXFrameworksBuildPhase;
			buildActionMask = 2147483647;
			files = (
				04073E392B1707DA00BDE21B /* FirebaseFunctions in Frameworks */,
				04073E2F2B1707DA00BDE21B /* FirebaseDatabaseSwift in Frameworks */,
				04073E3F2B1707DA00BDE21B /* FirebaseInAppMessagingSwift-Beta in Frameworks */,
				04073E452B1707DA00BDE21B /* FirebaseMessaging in Frameworks */,
				04073E252B1707DA00BDE21B /* FirebaseAppDistribution-Beta in Frameworks */,
				04073E292B1707DA00BDE21B /* FirebaseAuthCombine-Community in Frameworks */,
				04073E352B1707DA00BDE21B /* FirebaseFirestoreCombine-Community in Frameworks */,
				04073E1F2B1707DA00BDE21B /* FirebaseAnalyticsSwift in Frameworks */,
				04073E432B1707DA00BDE21B /* FirebaseMLModelDownloader in Frameworks */,
				0411528E2B179ACE00D93FFC /* GoogleSignIn in Frameworks */,
				04073E212B1707DA00BDE21B /* FirebaseAnalyticsWithoutAdIdSupport in Frameworks */,
				04073E1B2B1707DA00BDE21B /* FirebaseAnalytics in Frameworks */,
				04073E372B1707DA00BDE21B /* FirebaseFirestoreSwift in Frameworks */,
				04073E1D2B1707DA00BDE21B /* FirebaseAnalyticsOnDeviceConversion in Frameworks */,
				04073E232B1707DA00BDE21B /* FirebaseAppCheck in Frameworks */,
				041152902B179ACE00D93FFC /* GoogleSignInSwift in Frameworks */,
				04073E472B1707DA00BDE21B /* FirebasePerformance in Frameworks */,
				04073E3D2B1707DA00BDE21B /* FirebaseInAppMessaging-Beta in Frameworks */,
				04073E3B2B1707DA00BDE21B /* FirebaseFunctionsCombine-Community in Frameworks */,
				04073E2B2B1707DA00BDE21B /* FirebaseCrashlytics in Frameworks */,
				04073E412B1707DA00BDE21B /* FirebaseInstallations in Frameworks */,
				04073E492B1707DA00BDE21B /* FirebaseRemoteConfig in Frameworks */,
				04073E4D2B1707DA00BDE21B /* FirebaseStorage in Frameworks */,
				04073E2D2B1707DA00BDE21B /* FirebaseDatabase in Frameworks */,
				04073E4F2B1707DA00BDE21B /* FirebaseStorageCombine-Community in Frameworks */,
				0418DCE02B159F8000AF975A /* FlowStacks in Frameworks */,
				04073E272B1707DA00BDE21B /* FirebaseAuth in Frameworks */,
				04073E312B1707DA00BDE21B /* FirebaseDynamicLinks in Frameworks */,
				04073E332B1707DA00BDE21B /* FirebaseFirestore in Frameworks */,
				04073E4B2B1707DA00BDE21B /* FirebaseRemoteConfigSwift in Frameworks */,
			);
			runOnlyForDeploymentPostprocessing = 0;
		};
/* End PBXFrameworksBuildPhase section */

/* Begin PBXGroup section */
		041152912B179EA500D93FFC /* Domain */ = {
			isa = PBXGroup;
			children = (
				041152922B179EBF00D93FFC /* UseCase */,
			);
			path = Domain;
			sourceTree = "<group>";
		};
		041152922B179EBF00D93FFC /* UseCase */ = {
			isa = PBXGroup;
			children = (
				041152932B179F1100D93FFC /* LoginGmailUseCase.swift */,
				04C410E32B3C63270084BF81 /* FirebaseRealtimeDBUseCase.swift */,
			);
			path = UseCase;
			sourceTree = "<group>";
		};
		0418DCE12B159F9A00AF975A /* Navigation */ = {
			isa = PBXGroup;
			children = (
				0418DCE22B159FBA00AF975A /* Screen.swift */,
				0418DCE42B15A23700AF975A /* AppCoordinator.swift */,
				0418DCE62B15A25500AF975A /* AppCoordinatorViewModel.swift */,
			);
			path = Navigation;
			sourceTree = "<group>";
		};
		041D19CC2B5506E700FB8978 /* ExpenseEdit */ = {
			isa = PBXGroup;
			children = (
				04B1BFF12B4F154800ABA765 /* ExpenseEditView.swift */,
			);
			path = ExpenseEdit;
			sourceTree = "<group>";
		};
		0423500E2B03628A005C6D0C /* Helper */ = {
			isa = PBXGroup;
			children = (
				04CBF1462B15215600DF5B06 /* UI */,
				0423500F2B0362B2005C6D0C /* Constants.swift */,
				042350142B0363F9005C6D0C /* UserDefaultsManager.swift */,
				041152952B17A16A00D93FFC /* Typealias.swift */,
				04FA489D2B2C4803000B7949 /* CommonError.swift */,
			);
			path = Helper;
			sourceTree = "<group>";
		};
		042350112B036353005C6D0C /* Extension */ = {
			isa = PBXGroup;
			children = (
				042350122B036385005C6D0C /* UserDefaults+Extension.swift */,
				04CBF1492B15230700DF5B06 /* Color+Extension.swift */,
				04C410E72B3C8A0D0084BF81 /* DateFormatter+Extenson.swift */,
				04C410E92B3C8A690084BF81 /* Date+Extension.swift */,
				04B1BFEF2B4F127700ABA765 /* Double+Extension.swift */,
				0463BECD2B50FB4000302121 /* View+Extension.swift */,
				0439F5C92B564E1A00AF3B1B /* String+Extension.swift */,
			);
			path = Extension;
			sourceTree = "<group>";
		};
		042D1C5E2B078598009FCE92 /* Home */ = {
			isa = PBXGroup;
			children = (
				04FA48992B2C3BCB000B7949 /* AuthState.swift */,
				04CBF1422B15197B00DF5B06 /* HomeScreen.swift */,
				04CBF1442B15199200DF5B06 /* HomeViewModel.swift */,
			);
			path = Home;
			sourceTree = "<group>";
		};
		042D1C5F2B0785AD009FCE92 /* Map */ = {
			isa = PBXGroup;
			children = (
				0431F17F2B1518A00073AC72 /* CurrentLocation */,
				04EEC1A92B0E334500AC445E /* LocationSearch */,
			);
			path = Map;
			sourceTree = "<group>";
		};
		0431F17F2B1518A00073AC72 /* CurrentLocation */ = {
			isa = PBXGroup;
			children = (
				04742F2A2B025B5A00850F24 /* CurrentLocationViewModel.swift */,
				042470F82B08BA8100A4E2C2 /* CurrentLocationView.swift */,
				04742F1D2B02557500850F24 /* CurrentLocationScreen.swift */,
			);
			path = CurrentLocation;
			sourceTree = "<group>";
		};
		0439F5C62B563B6400AF3B1B /* UIModel */ = {
			isa = PBXGroup;
			children = (
				0439F5C72B563B7B00AF3B1B /* ExpenseHistoryItemUIModel.swift */,
			);
			path = UIModel;
			sourceTree = "<group>";
		};
		0452946D2B30A2B500BB2513 /* Tabs */ = {
			isa = PBXGroup;
			children = (
				045294762B30A3FD00BB2513 /* ExpenseAnalysis */,
				045294752B30A3E100BB2513 /* ExpenseHistory */,
				045294742B30A3C300BB2513 /* AddExpense */,
				045294732B30A3B100BB2513 /* Profile */,
				0452946F2B30A33D00BB2513 /* TabScreen.swift */,
			);
			path = Tabs;
			sourceTree = "<group>";
		};
		045294732B30A3B100BB2513 /* Profile */ = {
			isa = PBXGroup;
			children = (
				045294712B30A39600BB2513 /* ProfileScreen.swift */,
				045294822B30BA3A00BB2513 /* ProfileScreenViewModel.swift */,
			);
			path = Profile;
			sourceTree = "<group>";
		};
		045294742B30A3C300BB2513 /* AddExpense */ = {
			isa = PBXGroup;
			children = (
				045294772B30A46400BB2513 /* AddExpenseScreen.swift */,
				04C410EB2B3C8D000084BF81 /* AddExpenseViewModel.swift */,
			);
			path = AddExpense;
			sourceTree = "<group>";
		};
		045294752B30A3E100BB2513 /* ExpenseHistory */ = {
			isa = PBXGroup;
			children = (
				045294792B30A49900BB2513 /* ExpenseHistoryScreen.swift */,
				0439F5C22B55A8B300AF3B1B /* ExpenseHistoryViewModel.swift */,
				0439F5C42B55A8E600AF3B1B /* ExpenseHistoryItemView.swift */,
			);
			path = ExpenseHistory;
			sourceTree = "<group>";
		};
		045294762B30A3FD00BB2513 /* ExpenseAnalysis */ = {
			isa = PBXGroup;
			children = (
				0452947C2B30A4F400BB2513 /* ExpenseAnalysisScreen.swift */,
			);
			path = ExpenseAnalysis;
			sourceTree = "<group>";
		};
		0452947E2B30ADE000BB2513 /* Data */ = {
			isa = PBXGroup;
			children = (
				0452947F2B30ADE600BB2513 /* Models */,
			);
			path = Data;
			sourceTree = "<group>";
		};
		0452947F2B30ADE600BB2513 /* Models */ = {
			isa = PBXGroup;
			children = (
				045294802B30ADF800BB2513 /* User.swift */,
				04C410E52B3C87B30084BF81 /* ExpenseList.swift */,
				04B1BFED2B4EB6DE00ABA765 /* PlaceAddress.swift */,
			);
			path = Models;
			sourceTree = "<group>";
		};
		04742F0F2B02557500850F24 = {
			isa = PBXGroup;
			children = (
				04742F1A2B02557500850F24 /* ExpenseTracker */,
				04742F192B02557500850F24 /* Products */,
			);
			sourceTree = "<group>";
		};
		04742F192B02557500850F24 /* Products */ = {
			isa = PBXGroup;
			children = (
				04742F182B02557500850F24 /* ExpenseTracker.app */,
			);
			name = Products;
			sourceTree = "<group>";
		};
		04742F1A2B02557500850F24 /* ExpenseTracker */ = {
			isa = PBXGroup;
			children = (
				0452947E2B30ADE000BB2513 /* Data */,
				041152912B179EA500D93FFC /* Domain */,
				04073E542B170BD800BDE21B /* Info.plist */,
				04073E522B170B1800BDE21B /* GoogleService-Info.plist */,
				0418DCE12B159F9A00AF975A /* Navigation */,
				042350112B036353005C6D0C /* Extension */,
				0423500E2B03628A005C6D0C /* Helper */,
				04742F292B02599800850F24 /* Presentation */,
				04742F1B2B02557500850F24 /* ExpenseTrackerApp.swift */,
				04742F1F2B02557700850F24 /* Assets.xcassets */,
				04742F212B02557700850F24 /* Preview Content */,
				04073E502B17092800BDE21B /* AppDelegate.swift */,
			);
			path = ExpenseTracker;
			sourceTree = "<group>";
		};
		04742F212B02557700850F24 /* Preview Content */ = {
			isa = PBXGroup;
			children = (
				04742F222B02557700850F24 /* Preview Assets.xcassets */,
			);
			path = "Preview Content";
			sourceTree = "<group>";
		};
		04742F292B02599800850F24 /* Presentation */ = {
			isa = PBXGroup;
			children = (
				0439F5C62B563B6400AF3B1B /* UIModel */,
				041D19CC2B5506E700FB8978 /* ExpenseEdit */,
				04B1BFE82B4EA27700ABA765 /* ExpenseInput */,
				0452946D2B30A2B500BB2513 /* Tabs */,
				042D1C5F2B0785AD009FCE92 /* Map */,
				042D1C5E2B078598009FCE92 /* Home */,
			);
			path = Presentation;
			sourceTree = "<group>";
		};
		04B1BFE82B4EA27700ABA765 /* ExpenseInput */ = {
			isa = PBXGroup;
			children = (
				04B1BFE92B4EA28A00ABA765 /* ExpenseInputView.swift */,
				04B1BFEB2B4EA6EF00ABA765 /* ExpenseInputViewModel.swift */,
				041D19CD2B55072000FB8978 /* CurrencyPickerView.swift */,
			);
			path = ExpenseInput;
			sourceTree = "<group>";
		};
		04CBF1462B15215600DF5B06 /* UI */ = {
			isa = PBXGroup;
			children = (
				04CBF1472B15216800DF5B06 /* TextButtonStyle.swift */,
			);
			path = UI;
			sourceTree = "<group>";
		};
		04EEC1A92B0E334500AC445E /* LocationSearch */ = {
			isa = PBXGroup;
			children = (
				04EEC1A72B0E30F300AC445E /* LocationSearchView.swift */,
				04EEC1AA2B0E336300AC445E /* LocationSearchViewModel.swift */,
			);
			path = LocationSearch;
			sourceTree = "<group>";
		};
/* End PBXGroup section */

/* Begin PBXNativeTarget section */
		04742F172B02557500850F24 /* ExpenseTracker */ = {
			isa = PBXNativeTarget;
			buildConfigurationList = 04742F262B02557700850F24 /* Build configuration list for PBXNativeTarget "ExpenseTracker" */;
			buildPhases = (
				04742F142B02557500850F24 /* Sources */,
				04742F152B02557500850F24 /* Frameworks */,
				04742F162B02557500850F24 /* Resources */,
			);
			buildRules = (
			);
			dependencies = (
			);
			name = ExpenseTracker;
			packageProductDependencies = (
				0418DCDF2B159F8000AF975A /* FlowStacks */,
				04073E1A2B1707DA00BDE21B /* FirebaseAnalytics */,
				04073E1C2B1707DA00BDE21B /* FirebaseAnalyticsOnDeviceConversion */,
				04073E1E2B1707DA00BDE21B /* FirebaseAnalyticsSwift */,
				04073E202B1707DA00BDE21B /* FirebaseAnalyticsWithoutAdIdSupport */,
				04073E222B1707DA00BDE21B /* FirebaseAppCheck */,
				04073E242B1707DA00BDE21B /* FirebaseAppDistribution-Beta */,
				04073E262B1707DA00BDE21B /* FirebaseAuth */,
				04073E282B1707DA00BDE21B /* FirebaseAuthCombine-Community */,
				04073E2A2B1707DA00BDE21B /* FirebaseCrashlytics */,
				04073E2C2B1707DA00BDE21B /* FirebaseDatabase */,
				04073E2E2B1707DA00BDE21B /* FirebaseDatabaseSwift */,
				04073E302B1707DA00BDE21B /* FirebaseDynamicLinks */,
				04073E322B1707DA00BDE21B /* FirebaseFirestore */,
				04073E342B1707DA00BDE21B /* FirebaseFirestoreCombine-Community */,
				04073E362B1707DA00BDE21B /* FirebaseFirestoreSwift */,
				04073E382B1707DA00BDE21B /* FirebaseFunctions */,
				04073E3A2B1707DA00BDE21B /* FirebaseFunctionsCombine-Community */,
				04073E3C2B1707DA00BDE21B /* FirebaseInAppMessaging-Beta */,
				04073E3E2B1707DA00BDE21B /* FirebaseInAppMessagingSwift-Beta */,
				04073E402B1707DA00BDE21B /* FirebaseInstallations */,
				04073E422B1707DA00BDE21B /* FirebaseMLModelDownloader */,
				04073E442B1707DA00BDE21B /* FirebaseMessaging */,
				04073E462B1707DA00BDE21B /* FirebasePerformance */,
				04073E482B1707DA00BDE21B /* FirebaseRemoteConfig */,
				04073E4A2B1707DA00BDE21B /* FirebaseRemoteConfigSwift */,
				04073E4C2B1707DA00BDE21B /* FirebaseStorage */,
				04073E4E2B1707DA00BDE21B /* FirebaseStorageCombine-Community */,
				0411528D2B179ACE00D93FFC /* GoogleSignIn */,
				0411528F2B179ACE00D93FFC /* GoogleSignInSwift */,
			);
			productName = ExpenseTracker;
			productReference = 04742F182B02557500850F24 /* ExpenseTracker.app */;
			productType = "com.apple.product-type.application";
		};
/* End PBXNativeTarget section */

/* Begin PBXProject section */
		04742F102B02557500850F24 /* Project object */ = {
			isa = PBXProject;
			attributes = {
				BuildIndependentTargetsInParallel = 1;
				LastSwiftUpdateCheck = 1430;
				LastUpgradeCheck = 1430;
				TargetAttributes = {
					04742F172B02557500850F24 = {
						CreatedOnToolsVersion = 14.3.1;
					};
				};
			};
			buildConfigurationList = 04742F132B02557500850F24 /* Build configuration list for PBXProject "ExpenseTracker" */;
			compatibilityVersion = "Xcode 14.0";
			developmentRegion = en;
			hasScannedForEncodings = 0;
			knownRegions = (
				en,
				Base,
			);
			mainGroup = 04742F0F2B02557500850F24;
			packageReferences = (
				0418DCDE2B159F8000AF975A /* XCRemoteSwiftPackageReference "FlowStacks" */,
				04073E192B1707DA00BDE21B /* XCRemoteSwiftPackageReference "firebase-ios-sdk" */,
				0411528C2B179ACE00D93FFC /* XCRemoteSwiftPackageReference "GoogleSignIn-iOS" */,
			);
			productRefGroup = 04742F192B02557500850F24 /* Products */;
			projectDirPath = "";
			projectRoot = "";
			targets = (
				04742F172B02557500850F24 /* ExpenseTracker */,
			);
		};
/* End PBXProject section */

/* Begin PBXResourcesBuildPhase section */
		04742F162B02557500850F24 /* Resources */ = {
			isa = PBXResourcesBuildPhase;
			buildActionMask = 2147483647;
			files = (
				04742F232B02557700850F24 /* Preview Assets.xcassets in Resources */,
				04742F202B02557700850F24 /* Assets.xcassets in Resources */,
				04073E532B170B1800BDE21B /* GoogleService-Info.plist in Resources */,
			);
			runOnlyForDeploymentPostprocessing = 0;
		};
/* End PBXResourcesBuildPhase section */

/* Begin PBXSourcesBuildPhase section */
		04742F142B02557500850F24 /* Sources */ = {
			isa = PBXSourcesBuildPhase;
			buildActionMask = 2147483647;
			files = (
				04CBF1452B15199200DF5B06 /* HomeViewModel.swift in Sources */,
				045294702B30A33D00BB2513 /* TabScreen.swift in Sources */,
				04B1BFEA2B4EA28A00ABA765 /* ExpenseInputView.swift in Sources */,
				04EEC1AB2B0E336300AC445E /* LocationSearchViewModel.swift in Sources */,
				04B1BFEE2B4EB6DE00ABA765 /* PlaceAddress.swift in Sources */,
				04B1BFF02B4F127700ABA765 /* Double+Extension.swift in Sources */,
				042470F92B08BA8100A4E2C2 /* CurrentLocationView.swift in Sources */,
				0439F5C32B55A8B300AF3B1B /* ExpenseHistoryViewModel.swift in Sources */,
				04B1BFEC2B4EA6EF00ABA765 /* ExpenseInputViewModel.swift in Sources */,
				04742F1E2B02557500850F24 /* CurrentLocationScreen.swift in Sources */,
				045294812B30ADF800BB2513 /* User.swift in Sources */,
				0463BECE2B50FB4000302121 /* View+Extension.swift in Sources */,
				0439F5CA2B564E1A00AF3B1B /* String+Extension.swift in Sources */,
				04C410E82B3C8A0D0084BF81 /* DateFormatter+Extenson.swift in Sources */,
				04742F2B2B025B5A00850F24 /* CurrentLocationViewModel.swift in Sources */,
				042350152B0363F9005C6D0C /* UserDefaultsManager.swift in Sources */,
				041152942B179F1100D93FFC /* LoginGmailUseCase.swift in Sources */,
				042350132B036385005C6D0C /* UserDefaults+Extension.swift in Sources */,
				0418DCE32B159FBA00AF975A /* Screen.swift in Sources */,
				0452947D2B30A4F400BB2513 /* ExpenseAnalysisScreen.swift in Sources */,
				045294782B30A46400BB2513 /* AddExpenseScreen.swift in Sources */,
				04CBF1432B15197B00DF5B06 /* HomeScreen.swift in Sources */,
				04B1BFF22B4F154800ABA765 /* ExpenseEditView.swift in Sources */,
				0418DCE72B15A25500AF975A /* AppCoordinatorViewModel.swift in Sources */,
				04EEC1A82B0E30F300AC445E /* LocationSearchView.swift in Sources */,
				04C410E62B3C87B30084BF81 /* ExpenseList.swift in Sources */,
				041152962B17A16A00D93FFC /* Typealias.swift in Sources */,
				04FA489E2B2C4803000B7949 /* CommonError.swift in Sources */,
				04742F1C2B02557500850F24 /* ExpenseTrackerApp.swift in Sources */,
				0439F5C82B563B7B00AF3B1B /* ExpenseHistoryItemUIModel.swift in Sources */,
				04C410EA2B3C8A690084BF81 /* Date+Extension.swift in Sources */,
				04CBF1482B15216800DF5B06 /* TextButtonStyle.swift in Sources */,
				04C410EC2B3C8D000084BF81 /* AddExpenseViewModel.swift in Sources */,
				0452947A2B30A49900BB2513 /* ExpenseHistoryScreen.swift in Sources */,
				0418DCE52B15A23700AF975A /* AppCoordinator.swift in Sources */,
				042350102B0362B2005C6D0C /* Constants.swift in Sources */,
				04FA489A2B2C3BCB000B7949 /* AuthState.swift in Sources */,
				045294832B30BA3A00BB2513 /* ProfileScreenViewModel.swift in Sources */,
				0439F5C52B55A8E600AF3B1B /* ExpenseHistoryItemView.swift in Sources */,
				045294722B30A39600BB2513 /* ProfileScreen.swift in Sources */,
				04073E512B17092800BDE21B /* AppDelegate.swift in Sources */,
				04CBF14A2B15230700DF5B06 /* Color+Extension.swift in Sources */,
				04C410E42B3C63270084BF81 /* FirebaseRealtimeDBUseCase.swift in Sources */,
				041D19CE2B55072000FB8978 /* CurrencyPickerView.swift in Sources */,
			);
			runOnlyForDeploymentPostprocessing = 0;
		};
/* End PBXSourcesBuildPhase section */

/* Begin XCBuildConfiguration section */
		04742F242B02557700850F24 /* Debug */ = {
			isa = XCBuildConfiguration;
			buildSettings = {
				ALWAYS_SEARCH_USER_PATHS = NO;
				CLANG_ANALYZER_NONNULL = YES;
				CLANG_ANALYZER_NUMBER_OBJECT_CONVERSION = YES_AGGRESSIVE;
				CLANG_CXX_LANGUAGE_STANDARD = "gnu++20";
				CLANG_ENABLE_MODULES = YES;
				CLANG_ENABLE_OBJC_ARC = YES;
				CLANG_ENABLE_OBJC_WEAK = YES;
				CLANG_WARN_BLOCK_CAPTURE_AUTORELEASING = YES;
				CLANG_WARN_BOOL_CONVERSION = YES;
				CLANG_WARN_COMMA = YES;
				CLANG_WARN_CONSTANT_CONVERSION = YES;
				CLANG_WARN_DEPRECATED_OBJC_IMPLEMENTATIONS = YES;
				CLANG_WARN_DIRECT_OBJC_ISA_USAGE = YES_ERROR;
				CLANG_WARN_DOCUMENTATION_COMMENTS = YES;
				CLANG_WARN_EMPTY_BODY = YES;
				CLANG_WARN_ENUM_CONVERSION = YES;
				CLANG_WARN_INFINITE_RECURSION = YES;
				CLANG_WARN_INT_CONVERSION = YES;
				CLANG_WARN_NON_LITERAL_NULL_CONVERSION = YES;
				CLANG_WARN_OBJC_IMPLICIT_RETAIN_SELF = YES;
				CLANG_WARN_OBJC_LITERAL_CONVERSION = YES;
				CLANG_WARN_OBJC_ROOT_CLASS = YES_ERROR;
				CLANG_WARN_QUOTED_INCLUDE_IN_FRAMEWORK_HEADER = YES;
				CLANG_WARN_RANGE_LOOP_ANALYSIS = YES;
				CLANG_WARN_STRICT_PROTOTYPES = YES;
				CLANG_WARN_SUSPICIOUS_MOVE = YES;
				CLANG_WARN_UNGUARDED_AVAILABILITY = YES_AGGRESSIVE;
				CLANG_WARN_UNREACHABLE_CODE = YES;
				CLANG_WARN__DUPLICATE_METHOD_MATCH = YES;
				COPY_PHASE_STRIP = NO;
				DEBUG_INFORMATION_FORMAT = dwarf;
				ENABLE_STRICT_OBJC_MSGSEND = YES;
				ENABLE_TESTABILITY = YES;
				GCC_C_LANGUAGE_STANDARD = gnu11;
				GCC_DYNAMIC_NO_PIC = NO;
				GCC_NO_COMMON_BLOCKS = YES;
				GCC_OPTIMIZATION_LEVEL = 0;
				GCC_PREPROCESSOR_DEFINITIONS = (
					"DEBUG=1",
					"$(inherited)",
				);
				GCC_WARN_64_TO_32_BIT_CONVERSION = YES;
				GCC_WARN_ABOUT_RETURN_TYPE = YES_ERROR;
				GCC_WARN_UNDECLARED_SELECTOR = YES;
				GCC_WARN_UNINITIALIZED_AUTOS = YES_AGGRESSIVE;
				GCC_WARN_UNUSED_FUNCTION = YES;
				GCC_WARN_UNUSED_VARIABLE = YES;
				IPHONEOS_DEPLOYMENT_TARGET = 16.4;
				MTL_ENABLE_DEBUG_INFO = INCLUDE_SOURCE;
				MTL_FAST_MATH = YES;
				ONLY_ACTIVE_ARCH = YES;
				SDKROOT = iphoneos;
				SWIFT_ACTIVE_COMPILATION_CONDITIONS = DEBUG;
				SWIFT_OPTIMIZATION_LEVEL = "-Onone";
			};
			name = Debug;
		};
		04742F252B02557700850F24 /* Release */ = {
			isa = XCBuildConfiguration;
			buildSettings = {
				ALWAYS_SEARCH_USER_PATHS = NO;
				CLANG_ANALYZER_NONNULL = YES;
				CLANG_ANALYZER_NUMBER_OBJECT_CONVERSION = YES_AGGRESSIVE;
				CLANG_CXX_LANGUAGE_STANDARD = "gnu++20";
				CLANG_ENABLE_MODULES = YES;
				CLANG_ENABLE_OBJC_ARC = YES;
				CLANG_ENABLE_OBJC_WEAK = YES;
				CLANG_WARN_BLOCK_CAPTURE_AUTORELEASING = YES;
				CLANG_WARN_BOOL_CONVERSION = YES;
				CLANG_WARN_COMMA = YES;
				CLANG_WARN_CONSTANT_CONVERSION = YES;
				CLANG_WARN_DEPRECATED_OBJC_IMPLEMENTATIONS = YES;
				CLANG_WARN_DIRECT_OBJC_ISA_USAGE = YES_ERROR;
				CLANG_WARN_DOCUMENTATION_COMMENTS = YES;
				CLANG_WARN_EMPTY_BODY = YES;
				CLANG_WARN_ENUM_CONVERSION = YES;
				CLANG_WARN_INFINITE_RECURSION = YES;
				CLANG_WARN_INT_CONVERSION = YES;
				CLANG_WARN_NON_LITERAL_NULL_CONVERSION = YES;
				CLANG_WARN_OBJC_IMPLICIT_RETAIN_SELF = YES;
				CLANG_WARN_OBJC_LITERAL_CONVERSION = YES;
				CLANG_WARN_OBJC_ROOT_CLASS = YES_ERROR;
				CLANG_WARN_QUOTED_INCLUDE_IN_FRAMEWORK_HEADER = YES;
				CLANG_WARN_RANGE_LOOP_ANALYSIS = YES;
				CLANG_WARN_STRICT_PROTOTYPES = YES;
				CLANG_WARN_SUSPICIOUS_MOVE = YES;
				CLANG_WARN_UNGUARDED_AVAILABILITY = YES_AGGRESSIVE;
				CLANG_WARN_UNREACHABLE_CODE = YES;
				CLANG_WARN__DUPLICATE_METHOD_MATCH = YES;
				COPY_PHASE_STRIP = NO;
				DEBUG_INFORMATION_FORMAT = "dwarf-with-dsym";
				ENABLE_NS_ASSERTIONS = NO;
				ENABLE_STRICT_OBJC_MSGSEND = YES;
				GCC_C_LANGUAGE_STANDARD = gnu11;
				GCC_NO_COMMON_BLOCKS = YES;
				GCC_WARN_64_TO_32_BIT_CONVERSION = YES;
				GCC_WARN_ABOUT_RETURN_TYPE = YES_ERROR;
				GCC_WARN_UNDECLARED_SELECTOR = YES;
				GCC_WARN_UNINITIALIZED_AUTOS = YES_AGGRESSIVE;
				GCC_WARN_UNUSED_FUNCTION = YES;
				GCC_WARN_UNUSED_VARIABLE = YES;
				IPHONEOS_DEPLOYMENT_TARGET = 16.4;
				MTL_ENABLE_DEBUG_INFO = NO;
				MTL_FAST_MATH = YES;
				SDKROOT = iphoneos;
				SWIFT_COMPILATION_MODE = wholemodule;
				SWIFT_OPTIMIZATION_LEVEL = "-O";
				VALIDATE_PRODUCT = YES;
			};
			name = Release;
		};
		04742F272B02557700850F24 /* Debug */ = {
			isa = XCBuildConfiguration;
			buildSettings = {
				ASSETCATALOG_COMPILER_APPICON_NAME = AppIcon;
				ASSETCATALOG_COMPILER_GLOBAL_ACCENT_COLOR_NAME = AccentColor;
				CODE_SIGN_STYLE = Automatic;
				CURRENT_PROJECT_VERSION = 1;
				DEVELOPMENT_ASSET_PATHS = "\"ExpenseTracker/Preview Content\"";
				DEVELOPMENT_TEAM = 6J7HMSP4RZ;
				ENABLE_PREVIEWS = YES;
				GENERATE_INFOPLIST_FILE = YES;
				INFOPLIST_FILE = ExpenseTracker/Info.plist;
				INFOPLIST_KEY_NSLocationWhenInUseUsageDescription = "Need location while saving your expense data";
				INFOPLIST_KEY_UIApplicationSceneManifest_Generation = YES;
				INFOPLIST_KEY_UIApplicationSupportsIndirectInputEvents = YES;
				INFOPLIST_KEY_UILaunchScreen_Generation = YES;
				INFOPLIST_KEY_UISupportedInterfaceOrientations_iPad = "UIInterfaceOrientationPortrait UIInterfaceOrientationPortraitUpsideDown UIInterfaceOrientationLandscapeLeft UIInterfaceOrientationLandscapeRight";
				INFOPLIST_KEY_UISupportedInterfaceOrientations_iPhone = "UIInterfaceOrientationPortrait UIInterfaceOrientationLandscapeLeft UIInterfaceOrientationLandscapeRight";
				IPHONEOS_DEPLOYMENT_TARGET = 16.0;
				LD_RUNPATH_SEARCH_PATHS = (
					"$(inherited)",
					"@executable_path/Frameworks",
				);
				MARKETING_VERSION = 1.0;
				PRODUCT_BUNDLE_IDENTIFIER = com.taher.co.ExpenseTracker;
				PRODUCT_NAME = "$(TARGET_NAME)";
				SWIFT_EMIT_LOC_STRINGS = YES;
				SWIFT_VERSION = 5.0;
				TARGETED_DEVICE_FAMILY = "1,2";
			};
			name = Debug;
		};
		04742F282B02557700850F24 /* Release */ = {
			isa = XCBuildConfiguration;
			buildSettings = {
				ASSETCATALOG_COMPILER_APPICON_NAME = AppIcon;
				ASSETCATALOG_COMPILER_GLOBAL_ACCENT_COLOR_NAME = AccentColor;
				CODE_SIGN_STYLE = Automatic;
				CURRENT_PROJECT_VERSION = 1;
				DEVELOPMENT_ASSET_PATHS = "\"ExpenseTracker/Preview Content\"";
				DEVELOPMENT_TEAM = 6J7HMSP4RZ;
				ENABLE_PREVIEWS = YES;
				GENERATE_INFOPLIST_FILE = YES;
				INFOPLIST_FILE = ExpenseTracker/Info.plist;
				INFOPLIST_KEY_NSLocationWhenInUseUsageDescription = "Need location while saving your expense data";
				INFOPLIST_KEY_UIApplicationSceneManifest_Generation = YES;
				INFOPLIST_KEY_UIApplicationSupportsIndirectInputEvents = YES;
				INFOPLIST_KEY_UILaunchScreen_Generation = YES;
				INFOPLIST_KEY_UISupportedInterfaceOrientations_iPad = "UIInterfaceOrientationPortrait UIInterfaceOrientationPortraitUpsideDown UIInterfaceOrientationLandscapeLeft UIInterfaceOrientationLandscapeRight";
				INFOPLIST_KEY_UISupportedInterfaceOrientations_iPhone = "UIInterfaceOrientationPortrait UIInterfaceOrientationLandscapeLeft UIInterfaceOrientationLandscapeRight";
				IPHONEOS_DEPLOYMENT_TARGET = 16.0;
				LD_RUNPATH_SEARCH_PATHS = (
					"$(inherited)",
					"@executable_path/Frameworks",
				);
				MARKETING_VERSION = 1.0;
				PRODUCT_BUNDLE_IDENTIFIER = com.taher.co.ExpenseTracker;
				PRODUCT_NAME = "$(TARGET_NAME)";
				SWIFT_EMIT_LOC_STRINGS = YES;
				SWIFT_VERSION = 5.0;
				TARGETED_DEVICE_FAMILY = "1,2";
			};
			name = Release;
		};
/* End XCBuildConfiguration section */

/* Begin XCConfigurationList section */
		04742F132B02557500850F24 /* Build configuration list for PBXProject "ExpenseTracker" */ = {
			isa = XCConfigurationList;
			buildConfigurations = (
				04742F242B02557700850F24 /* Debug */,
				04742F252B02557700850F24 /* Release */,
			);
			defaultConfigurationIsVisible = 0;
			defaultConfigurationName = Release;
		};
		04742F262B02557700850F24 /* Build configuration list for PBXNativeTarget "ExpenseTracker" */ = {
			isa = XCConfigurationList;
			buildConfigurations = (
				04742F272B02557700850F24 /* Debug */,
				04742F282B02557700850F24 /* Release */,
			);
			defaultConfigurationIsVisible = 0;
			defaultConfigurationName = Release;
		};
/* End XCConfigurationList section */

/* Begin XCRemoteSwiftPackageReference section */
		04073E192B1707DA00BDE21B /* XCRemoteSwiftPackageReference "firebase-ios-sdk" */ = {
			isa = XCRemoteSwiftPackageReference;
			repositoryURL = "https://github.com/firebase/firebase-ios-sdk";
			requirement = {
				kind = upToNextMajorVersion;
				minimumVersion = 10.18.0;
			};
		};
		0411528C2B179ACE00D93FFC /* XCRemoteSwiftPackageReference "GoogleSignIn-iOS" */ = {
			isa = XCRemoteSwiftPackageReference;
			repositoryURL = "https://github.com/google/GoogleSignIn-iOS";
			requirement = {
				kind = upToNextMajorVersion;
				minimumVersion = 7.0.0;
			};
		};
		0418DCDE2B159F8000AF975A /* XCRemoteSwiftPackageReference "FlowStacks" */ = {
			isa = XCRemoteSwiftPackageReference;
			repositoryURL = "https://github.com/johnpatrickmorgan/FlowStacks";
			requirement = {
				kind = upToNextMajorVersion;
				minimumVersion = 0.3.6;
			};
		};
/* End XCRemoteSwiftPackageReference section */

/* Begin XCSwiftPackageProductDependency section */
		04073E1A2B1707DA00BDE21B /* FirebaseAnalytics */ = {
			isa = XCSwiftPackageProductDependency;
			package = 04073E192B1707DA00BDE21B /* XCRemoteSwiftPackageReference "firebase-ios-sdk" */;
			productName = FirebaseAnalytics;
		};
		04073E1C2B1707DA00BDE21B /* FirebaseAnalyticsOnDeviceConversion */ = {
			isa = XCSwiftPackageProductDependency;
			package = 04073E192B1707DA00BDE21B /* XCRemoteSwiftPackageReference "firebase-ios-sdk" */;
			productName = FirebaseAnalyticsOnDeviceConversion;
		};
		04073E1E2B1707DA00BDE21B /* FirebaseAnalyticsSwift */ = {
			isa = XCSwiftPackageProductDependency;
			package = 04073E192B1707DA00BDE21B /* XCRemoteSwiftPackageReference "firebase-ios-sdk" */;
			productName = FirebaseAnalyticsSwift;
		};
		04073E202B1707DA00BDE21B /* FirebaseAnalyticsWithoutAdIdSupport */ = {
			isa = XCSwiftPackageProductDependency;
			package = 04073E192B1707DA00BDE21B /* XCRemoteSwiftPackageReference "firebase-ios-sdk" */;
			productName = FirebaseAnalyticsWithoutAdIdSupport;
		};
		04073E222B1707DA00BDE21B /* FirebaseAppCheck */ = {
			isa = XCSwiftPackageProductDependency;
			package = 04073E192B1707DA00BDE21B /* XCRemoteSwiftPackageReference "firebase-ios-sdk" */;
			productName = FirebaseAppCheck;
		};
		04073E242B1707DA00BDE21B /* FirebaseAppDistribution-Beta */ = {
			isa = XCSwiftPackageProductDependency;
			package = 04073E192B1707DA00BDE21B /* XCRemoteSwiftPackageReference "firebase-ios-sdk" */;
			productName = "FirebaseAppDistribution-Beta";
		};
		04073E262B1707DA00BDE21B /* FirebaseAuth */ = {
			isa = XCSwiftPackageProductDependency;
			package = 04073E192B1707DA00BDE21B /* XCRemoteSwiftPackageReference "firebase-ios-sdk" */;
			productName = FirebaseAuth;
		};
		04073E282B1707DA00BDE21B /* FirebaseAuthCombine-Community */ = {
			isa = XCSwiftPackageProductDependency;
			package = 04073E192B1707DA00BDE21B /* XCRemoteSwiftPackageReference "firebase-ios-sdk" */;
			productName = "FirebaseAuthCombine-Community";
		};
		04073E2A2B1707DA00BDE21B /* FirebaseCrashlytics */ = {
			isa = XCSwiftPackageProductDependency;
			package = 04073E192B1707DA00BDE21B /* XCRemoteSwiftPackageReference "firebase-ios-sdk" */;
			productName = FirebaseCrashlytics;
		};
		04073E2C2B1707DA00BDE21B /* FirebaseDatabase */ = {
			isa = XCSwiftPackageProductDependency;
			package = 04073E192B1707DA00BDE21B /* XCRemoteSwiftPackageReference "firebase-ios-sdk" */;
			productName = FirebaseDatabase;
		};
		04073E2E2B1707DA00BDE21B /* FirebaseDatabaseSwift */ = {
			isa = XCSwiftPackageProductDependency;
			package = 04073E192B1707DA00BDE21B /* XCRemoteSwiftPackageReference "firebase-ios-sdk" */;
			productName = FirebaseDatabaseSwift;
		};
		04073E302B1707DA00BDE21B /* FirebaseDynamicLinks */ = {
			isa = XCSwiftPackageProductDependency;
			package = 04073E192B1707DA00BDE21B /* XCRemoteSwiftPackageReference "firebase-ios-sdk" */;
			productName = FirebaseDynamicLinks;
		};
		04073E322B1707DA00BDE21B /* FirebaseFirestore */ = {
			isa = XCSwiftPackageProductDependency;
			package = 04073E192B1707DA00BDE21B /* XCRemoteSwiftPackageReference "firebase-ios-sdk" */;
			productName = FirebaseFirestore;
		};
		04073E342B1707DA00BDE21B /* FirebaseFirestoreCombine-Community */ = {
			isa = XCSwiftPackageProductDependency;
			package = 04073E192B1707DA00BDE21B /* XCRemoteSwiftPackageReference "firebase-ios-sdk" */;
			productName = "FirebaseFirestoreCombine-Community";
		};
		04073E362B1707DA00BDE21B /* FirebaseFirestoreSwift */ = {
			isa = XCSwiftPackageProductDependency;
			package = 04073E192B1707DA00BDE21B /* XCRemoteSwiftPackageReference "firebase-ios-sdk" */;
			productName = FirebaseFirestoreSwift;
		};
		04073E382B1707DA00BDE21B /* FirebaseFunctions */ = {
			isa = XCSwiftPackageProductDependency;
			package = 04073E192B1707DA00BDE21B /* XCRemoteSwiftPackageReference "firebase-ios-sdk" */;
			productName = FirebaseFunctions;
		};
		04073E3A2B1707DA00BDE21B /* FirebaseFunctionsCombine-Community */ = {
			isa = XCSwiftPackageProductDependency;
			package = 04073E192B1707DA00BDE21B /* XCRemoteSwiftPackageReference "firebase-ios-sdk" */;
			productName = "FirebaseFunctionsCombine-Community";
		};
		04073E3C2B1707DA00BDE21B /* FirebaseInAppMessaging-Beta */ = {
			isa = XCSwiftPackageProductDependency;
			package = 04073E192B1707DA00BDE21B /* XCRemoteSwiftPackageReference "firebase-ios-sdk" */;
			productName = "FirebaseInAppMessaging-Beta";
		};
		04073E3E2B1707DA00BDE21B /* FirebaseInAppMessagingSwift-Beta */ = {
			isa = XCSwiftPackageProductDependency;
			package = 04073E192B1707DA00BDE21B /* XCRemoteSwiftPackageReference "firebase-ios-sdk" */;
			productName = "FirebaseInAppMessagingSwift-Beta";
		};
		04073E402B1707DA00BDE21B /* FirebaseInstallations */ = {
			isa = XCSwiftPackageProductDependency;
			package = 04073E192B1707DA00BDE21B /* XCRemoteSwiftPackageReference "firebase-ios-sdk" */;
			productName = FirebaseInstallations;
		};
		04073E422B1707DA00BDE21B /* FirebaseMLModelDownloader */ = {
			isa = XCSwiftPackageProductDependency;
			package = 04073E192B1707DA00BDE21B /* XCRemoteSwiftPackageReference "firebase-ios-sdk" */;
			productName = FirebaseMLModelDownloader;
		};
		04073E442B1707DA00BDE21B /* FirebaseMessaging */ = {
			isa = XCSwiftPackageProductDependency;
			package = 04073E192B1707DA00BDE21B /* XCRemoteSwiftPackageReference "firebase-ios-sdk" */;
			productName = FirebaseMessaging;
		};
		04073E462B1707DA00BDE21B /* FirebasePerformance */ = {
			isa = XCSwiftPackageProductDependency;
			package = 04073E192B1707DA00BDE21B /* XCRemoteSwiftPackageReference "firebase-ios-sdk" */;
			productName = FirebasePerformance;
		};
		04073E482B1707DA00BDE21B /* FirebaseRemoteConfig */ = {
			isa = XCSwiftPackageProductDependency;
			package = 04073E192B1707DA00BDE21B /* XCRemoteSwiftPackageReference "firebase-ios-sdk" */;
			productName = FirebaseRemoteConfig;
		};
		04073E4A2B1707DA00BDE21B /* FirebaseRemoteConfigSwift */ = {
			isa = XCSwiftPackageProductDependency;
			package = 04073E192B1707DA00BDE21B /* XCRemoteSwiftPackageReference "firebase-ios-sdk" */;
			productName = FirebaseRemoteConfigSwift;
		};
		04073E4C2B1707DA00BDE21B /* FirebaseStorage */ = {
			isa = XCSwiftPackageProductDependency;
			package = 04073E192B1707DA00BDE21B /* XCRemoteSwiftPackageReference "firebase-ios-sdk" */;
			productName = FirebaseStorage;
		};
		04073E4E2B1707DA00BDE21B /* FirebaseStorageCombine-Community */ = {
			isa = XCSwiftPackageProductDependency;
			package = 04073E192B1707DA00BDE21B /* XCRemoteSwiftPackageReference "firebase-ios-sdk" */;
			productName = "FirebaseStorageCombine-Community";
		};
		0411528D2B179ACE00D93FFC /* GoogleSignIn */ = {
			isa = XCSwiftPackageProductDependency;
			package = 0411528C2B179ACE00D93FFC /* XCRemoteSwiftPackageReference "GoogleSignIn-iOS" */;
			productName = GoogleSignIn;
		};
		0411528F2B179ACE00D93FFC /* GoogleSignInSwift */ = {
			isa = XCSwiftPackageProductDependency;
			package = 0411528C2B179ACE00D93FFC /* XCRemoteSwiftPackageReference "GoogleSignIn-iOS" */;
			productName = GoogleSignInSwift;
		};
		0418DCDF2B159F8000AF975A /* FlowStacks */ = {
			isa = XCSwiftPackageProductDependency;
			package = 0418DCDE2B159F8000AF975A /* XCRemoteSwiftPackageReference "FlowStacks" */;
			productName = FlowStacks;
		};
/* End XCSwiftPackageProductDependency section */
	};
	rootObject = 04742F102B02557500850F24 /* Project object */;
}
